{
  "object": {
    "pins": [
      {
        "package": "ModalPresentation",
        "repositoryURL": "/Users/admin/Repos/ModalPresentation",
        "state": {
          "branch": "main",
          "revision": "0d70382f8813a012a13bc3c052d37c677aabdcf7",
          "version": null
        }
      }
    ]
  },
  "version": 1
}
