{
  "object": {
    "pins": [
      {
        "package": "ModalPresentation",
        "repositoryURL": "/Users/admin/Repos/ModalPresentation",
        "state": {
          "branch": "main",
          "revision": "138d3e348df744d0217803e006eb9bfc4040776a",
          "version": null
        }
      }
    ]
  },
  "version": 1
}
